
Microsoft Visual Studio Solution File, Format Version 12.00
# Visual Studio Version 17
VisualStudioVersion = 17.4.33213.308
MinimumVisualStudioVersion = 10.0.40219.1
Project("{FAE04EC0-301F-11D3-BF4B-00C04F79EFBC}") = "Task1", "Task1\Task1.csproj", "{99B335DF-534A-424F-9864-4BE9C873F893}"
EndProject
Global
	GlobalSection(SolutionConfigurationPlatforms) = preSolution
		Debug|Any CPU = Debug|Any CPU
		Release|Any CPU = Release|Any CPU
	EndGlobalSection
	GlobalSection(ProjectConfigurationPlatforms) = postSolution
		{99B335DF-534A-424F-9864-4BE9C873F893}.Debug|Any CPU.ActiveCfg = Debug|Any CPU
		{99B335DF-534A-424F-9864-4BE9C873F893}.Debug|Any CPU.Build.0 = Debug|Any CPU
		{99B335DF-534A-424F-9864-4BE9C873F893}.Release|Any CPU.ActiveCfg = Release|Any CPU
		{99B335DF-534A-424F-9864-4BE9C873F893}.Release|Any CPU.Build.0 = Release|Any CPU
	EndGlobalSection
	GlobalSection(SolutionProperties) = preSolution
		HideSolutionNode = FALSE
	EndGlobalSection
	GlobalSection(ExtensibilityGlobals) = postSolution
		SolutionGuid = {FCA9D0AF-A560-4B65-9534-92639C86721B}
	EndGlobalSection
EndGlobal
